github.com/awalterschulze/gographviz v2.0.3+incompatible/go.mod h1:GEV5wmg4YquNw7v1kkyoX9etIk8yVmXj+AkDHuuETHs=
github.com/blang/semver v1.1.0 h1:ol1rO7QQB5uy7umSNV7VAmLugfLRD+17sYJujRNYPhg=
github.com/blang/semver v3.5.1+incompatible h1:cQNTCjp13qL8KC3Nbxr/y2Bqb63oX6wdnnjpJbkM4JQ=
github.com/blang/semver v3.5.1+incompatible/go.mod h1:kRBLl5iJ+tD4TcOOxsy/0fnwebNt5EWlYSAyrTnjyyk=
github.com/jessevdk/go-flags v1.4.0 h1:4IU2WS7AumrZ/40jfhf4QVDMsQwqA7VEHozFRrGARJA=
github.com/jessevdk/go-flags v1.4.0/go.mod h1:4FA24M0QyGHXBuZZK/XkWh8h0e1EYbRYJSGM75WSRxI=
github.com/mattn/go-shellwords v1.0.11 h1:vCoR9VPpsk/TZFW2JwK5I9S0xdrtUq2bph6/YjEPnaw=
github.com/mattn/go-shellwords v1.0.11/go.mod h1:EZzvwXDESEeg03EKmM+RmDnNOPKG4lLtQsUlTZDWQ8Y=
github.com/zyedidia/gpeg v0.0.0-20210126031808-c49c92955001 h1:kJaywTiqcPZHCmMwXYS54TcPc9Y23sX/JWYgx0h88JQ=
github.com/zyedidia/gpeg v0.0.0-20210126031808-c49c92955001/go.mod h1:9nSexfJbFCFx3Arcz+joodU2uaHlxO/jpXr+qCy6ICY=
